
Microsoft Visual Studio Solution File, Format Version 12.00
# Visual Studio Version 17
VisualStudioVersion = 17.9.34701.34
MinimumVisualStudioVersion = 10.0.40219.1
Project("{FAE04EC0-301F-11D3-BF4B-00C04F79EFBC}") = "Fajlkezeles", "Fajlkezeles\Fajlkezeles.csproj", "{B84FDC9A-B7AC-4245-9F0B-B0DC6EA581D5}"
EndProject
Global
	GlobalSection(SolutionConfigurationPlatforms) = preSolution
		Debug|Any CPU = Debug|Any CPU
		Release|Any CPU = Release|Any CPU
	EndGlobalSection
	GlobalSection(ProjectConfigurationPlatforms) = postSolution
		{B84FDC9A-B7AC-4245-9F0B-B0DC6EA581D5}.Debug|Any CPU.ActiveCfg = Debug|Any CPU
		{B84FDC9A-B7AC-4245-9F0B-B0DC6EA581D5}.Debug|Any CPU.Build.0 = Debug|Any CPU
		{B84FDC9A-B7AC-4245-9F0B-B0DC6EA581D5}.Release|Any CPU.ActiveCfg = Release|Any CPU
		{B84FDC9A-B7AC-4245-9F0B-B0DC6EA581D5}.Release|Any CPU.Build.0 = Release|Any CPU
	EndGlobalSection
	GlobalSection(SolutionProperties) = preSolution
		HideSolutionNode = FALSE
	EndGlobalSection
	GlobalSection(ExtensibilityGlobals) = postSolution
		SolutionGuid = {4C54FE5A-A288-4519-90F0-CE4A3F2D69FC}
	EndGlobalSection
EndGlobal
